
Microsoft Visual Studio Solution File, Format Version 12.00
# Visual Studio 15
Project("{FAE04EC0-301F-11D3-BF4B-00C04F79EFBC}") = "UnityEngine.TestRunner", "UnityEngine.TestRunner.csproj", "{02F09CB0-87C5-62F0-B37B-A563BDBF8CDE}"
EndProject
Project("{FAE04EC0-301F-11D3-BF4B-00C04F79EFBC}") = "Unity.Mathematics", "Unity.Mathematics.csproj", "{EBB7AE3A-A363-E61D-9524-0A844A6EC826}"
EndProject
Project("{FAE04EC0-301F-11D3-BF4B-00C04F79EFBC}") = "Unity.2D.Animation.Triangle.Runtime", "Unity.2D.Animation.Triangle.Runtime.csproj", "{9CEE40C7-D0AE-2BDB-8F12-C0A681DC8C0A}"
EndProject
Project("{FAE04EC0-301F-11D3-BF4B-00C04F79EFBC}") = "Unity.Timeline", "Unity.Timeline.csproj", "{CD89ECF4-2E84-9CCE-31E2-C756C3CE8F9E}"
EndProject
Project("{FAE04EC0-301F-11D3-BF4B-00C04F79EFBC}") = "UnityEngine.UI", "UnityEngine.UI.csproj", "{FA501D5D-B52F-089B-971C-E700257D1F28}"
EndProject
Project("{FAE04EC0-301F-11D3-BF4B-00C04F79EFBC}") = "Unity.TextMeshPro", "Unity.TextMeshPro.csproj", "{4EE3B5B0-41D0-1CE3-C15F-A0F2202C2369}"
EndProject
Project("{FAE04EC0-301F-11D3-BF4B-00C04F79EFBC}") = "Unity.2D.Animation.Runtime", "Unity.2D.Animation.Runtime.csproj", "{41ADAD56-11E9-56BA-D8AF-6E3CB43C058C}"
EndProject
Project("{FAE04EC0-301F-11D3-BF4B-00C04F79EFBC}") = "Unity.2D.IK.Runtime", "Unity.2D.IK.Runtime.csproj", "{9F6D8DD7-E593-07BF-DF62-6777D93AED80}"
EndProject
Project("{FAE04EC0-301F-11D3-BF4B-00C04F79EFBC}") = "Unity.2D.SpriteShape.Runtime", "Unity.2D.SpriteShape.Runtime.csproj", "{BFDE91F6-F671-3A77-EFF6-C6FB085E4721}"
EndProject
Project("{FAE04EC0-301F-11D3-BF4B-00C04F79EFBC}") = "Unity.2D.PixelPerfect", "Unity.2D.PixelPerfect.csproj", "{BBE05643-E87B-39C4-7CCB-A4AB403826EB}"
EndProject
Project("{FAE04EC0-301F-11D3-BF4B-00C04F79EFBC}") = "Assembly-CSharp", "Assembly-CSharp.csproj", "{061DFF4F-1905-154C-ED26-A2696C16311B}"
EndProject
Project("{FAE04EC0-301F-11D3-BF4B-00C04F79EFBC}") = "Unity.2D.Common.Runtime", "Unity.2D.Common.Runtime.csproj", "{3AAFAE50-91F5-277A-A7C4-911A3F933B9A}"
EndProject
Project("{FAE04EC0-301F-11D3-BF4B-00C04F79EFBC}") = "Unity.InternalAPIEngineBridge.001", "Unity.InternalAPIEngineBridge.001.csproj", "{BDADD338-AF23-EE40-E20A-9B6DB4C3C898}"
EndProject
Project("{FAE04EC0-301F-11D3-BF4B-00C04F79EFBC}") = "UnityEditor.TestRunner", "UnityEditor.TestRunner.csproj", "{E8C5B2F6-26D7-D61E-8B8D-F32B4DF3FD9D}"
EndProject
Project("{FAE04EC0-301F-11D3-BF4B-00C04F79EFBC}") = "UnityEditor.UI", "UnityEditor.UI.csproj", "{1B798F62-330F-F4D8-A0E4-9005498399FD}"
EndProject
Project("{FAE04EC0-301F-11D3-BF4B-00C04F79EFBC}") = "Unity.Timeline.Editor", "Unity.Timeline.Editor.csproj", "{15BDEB98-F5A4-83DF-61C4-5B42BFD48C56}"
EndProject
Project("{FAE04EC0-301F-11D3-BF4B-00C04F79EFBC}") = "Unity.VisualStudio.Editor", "Unity.VisualStudio.Editor.csproj", "{40F7C920-C7C3-9EE6-C0DD-5C3AF00BFEF6}"
EndProject
Project("{FAE04EC0-301F-11D3-BF4B-00C04F79EFBC}") = "Unity.2D.Psdimporter.Editor", "Unity.2D.Psdimporter.Editor.csproj", "{3FA7EEE1-0691-E2AD-B4DD-F124574FFEB8}"
EndProject
Project("{FAE04EC0-301F-11D3-BF4B-00C04F79EFBC}") = "Unity.2D.Animation.Editor", "Unity.2D.Animation.Editor.csproj", "{4D1C4BD3-C2A1-D865-A843-B469B467891E}"
EndProject
Project("{FAE04EC0-301F-11D3-BF4B-00C04F79EFBC}") = "Unity.TextMeshPro.Editor", "Unity.TextMeshPro.Editor.csproj", "{F072208F-1E7D-2906-B156-AAAC1D71611A}"
EndProject
Project("{FAE04EC0-301F-11D3-BF4B-00C04F79EFBC}") = "Unity.2D.SpriteShape.Editor", "Unity.2D.SpriteShape.Editor.csproj", "{8757D573-726A-CB2F-95F1-676C6F4E8247}"
EndProject
Project("{FAE04EC0-301F-11D3-BF4B-00C04F79EFBC}") = "Unity.CollabProxy.Editor", "Unity.CollabProxy.Editor.csproj", "{E65F3A11-00CC-49F8-DF98-2772BA9ECCB7}"
EndProject
Project("{FAE04EC0-301F-11D3-BF4B-00C04F79EFBC}") = "PsdPlugin", "PsdPlugin.csproj", "{83FB50AF-A167-069E-FCF8-F43CFE849856}"
EndProject
Project("{FAE04EC0-301F-11D3-BF4B-00C04F79EFBC}") = "Unity.2D.Path.Editor", "Unity.2D.Path.Editor.csproj", "{00A1D95D-B919-76C9-6E1C-07B1F62168C4}"
EndProject
Project("{FAE04EC0-301F-11D3-BF4B-00C04F79EFBC}") = "Unity.Rider.Editor", "Unity.Rider.Editor.csproj", "{E567A265-D2B3-B3F0-B64E-6AAF0C8F20F4}"
EndProject
Project("{FAE04EC0-301F-11D3-BF4B-00C04F79EFBC}") = "Unity.2D.IK.Editor", "Unity.2D.IK.Editor.csproj", "{09825C8C-2C3F-6A73-2308-3665AF399ACE}"
EndProject
Project("{FAE04EC0-301F-11D3-BF4B-00C04F79EFBC}") = "Unity.2D.Sprite.Editor", "Unity.2D.Sprite.Editor.csproj", "{269E5D16-B150-71A7-C050-4E4761864BCD}"
EndProject
Project("{FAE04EC0-301F-11D3-BF4B-00C04F79EFBC}") = "Unity.2D.Tilemap.Editor", "Unity.2D.Tilemap.Editor.csproj", "{24807F34-CB1B-78B7-9E14-64DE7A338F21}"
EndProject
Project("{FAE04EC0-301F-11D3-BF4B-00C04F79EFBC}") = "Unity.2D.PixelPerfect.Editor", "Unity.2D.PixelPerfect.Editor.csproj", "{A2143837-373C-3926-3921-AB3244F0B174}"
EndProject
Project("{FAE04EC0-301F-11D3-BF4B-00C04F79EFBC}") = "Unity.VSCode.Editor", "Unity.VSCode.Editor.csproj", "{31E8D923-3C91-D2A0-0561-D91883CBD9B8}"
EndProject
Project("{FAE04EC0-301F-11D3-BF4B-00C04F79EFBC}") = "Unity.2D.Common.Editor", "Unity.2D.Common.Editor.csproj", "{457DA8B9-B1F4-9C85-4B9B-0162195008D2}"
EndProject
Project("{FAE04EC0-301F-11D3-BF4B-00C04F79EFBC}") = "Unity.Mathematics.Editor", "Unity.Mathematics.Editor.csproj", "{5776FC06-746B-B66A-107F-CFC36F51A5A1}"
EndProject
Project("{FAE04EC0-301F-11D3-BF4B-00C04F79EFBC}") = "Unity.InternalAPIEditorBridge.001", "Unity.InternalAPIEditorBridge.001.csproj", "{5FE9FFDF-DC65-BB2F-08E7-E2F48EEE5D5E}"
EndProject
Project("{FAE04EC0-301F-11D3-BF4B-00C04F79EFBC}") = "UnityEngine.TestRunner", "UnityEngine.TestRunner.Player.csproj", "{DDA4DEB0-8203-07E4-E25C-BA99292CCE90}"
EndProject
Project("{FAE04EC0-301F-11D3-BF4B-00C04F79EFBC}") = "Unity.Mathematics", "Unity.Mathematics.Player.csproj", "{A6693E5A-33CA-F9A4-D652-3F5D8575A009}"
EndProject
Project("{FAE04EC0-301F-11D3-BF4B-00C04F79EFBC}") = "Unity.2D.Animation.Triangle.Runtime", "Unity.2D.Animation.Triangle.Runtime.Player.csproj", "{7DC58865-E3E4-0FAA-6EC7-94D060D8469F}"
EndProject
Project("{FAE04EC0-301F-11D3-BF4B-00C04F79EFBC}") = "Unity.Timeline", "Unity.Timeline.Player.csproj", "{11B5F087-4232-56B5-6F69-517609FE1514}"
EndProject
Project("{FAE04EC0-301F-11D3-BF4B-00C04F79EFBC}") = "UnityEngine.UI", "UnityEngine.UI.Player.csproj", "{07182215-2881-1753-EBB8-F430BA691350}"
EndProject
Project("{FAE04EC0-301F-11D3-BF4B-00C04F79EFBC}") = "Unity.TextMeshPro", "Unity.TextMeshPro.Player.csproj", "{1AD8FA3C-8514-D3DD-0AFB-5587BDA61F29}"
EndProject
Project("{FAE04EC0-301F-11D3-BF4B-00C04F79EFBC}") = "Unity.2D.Animation.Runtime", "Unity.2D.Animation.Runtime.Player.csproj", "{E9602CF9-44D4-44AB-0BBE-F35A7E6415F3}"
EndProject
Project("{FAE04EC0-301F-11D3-BF4B-00C04F79EFBC}") = "Unity.2D.IK.Runtime", "Unity.2D.IK.Runtime.Player.csproj", "{E0A12B38-9729-1A60-D218-679BCE87A60F}"
EndProject
Project("{FAE04EC0-301F-11D3-BF4B-00C04F79EFBC}") = "Unity.2D.SpriteShape.Runtime", "Unity.2D.SpriteShape.Runtime.Player.csproj", "{A8423337-161E-6556-51DF-C6316FD0AE43}"
EndProject
Project("{FAE04EC0-301F-11D3-BF4B-00C04F79EFBC}") = "Unity.2D.PixelPerfect", "Unity.2D.PixelPerfect.Player.csproj", "{43B0E4AD-BD25-131E-1CFE-E36B48823702}"
EndProject
Project("{FAE04EC0-301F-11D3-BF4B-00C04F79EFBC}") = "Assembly-CSharp", "Assembly-CSharp.Player.csproj", "{740592BB-0C22-181E-4132-CE64B691DDDA}"
EndProject
Project("{FAE04EC0-301F-11D3-BF4B-00C04F79EFBC}") = "Unity.2D.Common.Runtime", "Unity.2D.Common.Runtime.Player.csproj", "{EB3106CE-ABE5-1AB3-5FF7-0A46F8D572C2}"
EndProject
Project("{FAE04EC0-301F-11D3-BF4B-00C04F79EFBC}") = "Unity.InternalAPIEngineBridge.001", "Unity.InternalAPIEngineBridge.001.Player.csproj", "{DA04387E-99FB-14DC-8809-654ABC81F759}"
EndProject
Global
	GlobalSection(SolutionConfigurationPlatforms) = preSolution
		Debug|Any CPU = Debug|Any CPU
		Release|Any CPU = Release|Any CPU
	EndGlobalSection
	GlobalSection(ProjectConfigurationPlatforms) = postSolution
		{02F09CB0-87C5-62F0-B37B-A563BDBF8CDE}.Debug|Any CPU.ActiveCfg = Debug|Any CPU
		{02F09CB0-87C5-62F0-B37B-A563BDBF8CDE}.Debug|Any CPU.Build.0 = Debug|Any CPU
		{02F09CB0-87C5-62F0-B37B-A563BDBF8CDE}.Release|Any CPU.ActiveCfg = Release|Any CPU
		{02F09CB0-87C5-62F0-B37B-A563BDBF8CDE}.Release|Any CPU.Build.0 = Release|Any CPU
		{EBB7AE3A-A363-E61D-9524-0A844A6EC826}.Debug|Any CPU.ActiveCfg = Debug|Any CPU
		{EBB7AE3A-A363-E61D-9524-0A844A6EC826}.Debug|Any CPU.Build.0 = Debug|Any CPU
		{EBB7AE3A-A363-E61D-9524-0A844A6EC826}.Release|Any CPU.ActiveCfg = Release|Any CPU
		{EBB7AE3A-A363-E61D-9524-0A844A6EC826}.Release|Any CPU.Build.0 = Release|Any CPU
		{9CEE40C7-D0AE-2BDB-8F12-C0A681DC8C0A}.Debug|Any CPU.ActiveCfg = Debug|Any CPU
		{9CEE40C7-D0AE-2BDB-8F12-C0A681DC8C0A}.Debug|Any CPU.Build.0 = Debug|Any CPU
		{9CEE40C7-D0AE-2BDB-8F12-C0A681DC8C0A}.Release|Any CPU.ActiveCfg = Release|Any CPU
		{9CEE40C7-D0AE-2BDB-8F12-C0A681DC8C0A}.Release|Any CPU.Build.0 = Release|Any CPU
		{CD89ECF4-2E84-9CCE-31E2-C756C3CE8F9E}.Debug|Any CPU.ActiveCfg = Debug|Any CPU
		{CD89ECF4-2E84-9CCE-31E2-C756C3CE8F9E}.Debug|Any CPU.Build.0 = Debug|Any CPU
		{CD89ECF4-2E84-9CCE-31E2-C756C3CE8F9E}.Release|Any CPU.ActiveCfg = Release|Any CPU
		{CD89ECF4-2E84-9CCE-31E2-C756C3CE8F9E}.Release|Any CPU.Build.0 = Release|Any CPU
		{FA501D5D-B52F-089B-971C-E700257D1F28}.Debug|Any CPU.ActiveCfg = Debug|Any CPU
		{FA501D5D-B52F-089B-971C-E700257D1F28}.Debug|Any CPU.Build.0 = Debug|Any CPU
		{FA501D5D-B52F-089B-971C-E700257D1F28}.Release|Any CPU.ActiveCfg = Release|Any CPU
		{FA501D5D-B52F-089B-971C-E700257D1F28}.Release|Any CPU.Build.0 = Release|Any CPU
		{4EE3B5B0-41D0-1CE3-C15F-A0F2202C2369}.Debug|Any CPU.ActiveCfg = Debug|Any CPU
		{4EE3B5B0-41D0-1CE3-C15F-A0F2202C2369}.Debug|Any CPU.Build.0 = Debug|Any CPU
		{4EE3B5B0-41D0-1CE3-C15F-A0F2202C2369}.Release|Any CPU.ActiveCfg = Release|Any CPU
		{4EE3B5B0-41D0-1CE3-C15F-A0F2202C2369}.Release|Any CPU.Build.0 = Release|Any CPU
		{41ADAD56-11E9-56BA-D8AF-6E3CB43C058C}.Debug|Any CPU.ActiveCfg = Debug|Any CPU
		{41ADAD56-11E9-56BA-D8AF-6E3CB43C058C}.Debug|Any CPU.Build.0 = Debug|Any CPU
		{41ADAD56-11E9-56BA-D8AF-6E3CB43C058C}.Release|Any CPU.ActiveCfg = Release|Any CPU
		{41ADAD56-11E9-56BA-D8AF-6E3CB43C058C}.Release|Any CPU.Build.0 = Release|Any CPU
		{9F6D8DD7-E593-07BF-DF62-6777D93AED80}.Debug|Any CPU.ActiveCfg = Debug|Any CPU
		{9F6D8DD7-E593-07BF-DF62-6777D93AED80}.Debug|Any CPU.Build.0 = Debug|Any CPU
		{9F6D8DD7-E593-07BF-DF62-6777D93AED80}.Release|Any CPU.ActiveCfg = Release|Any CPU
		{9F6D8DD7-E593-07BF-DF62-6777D93AED80}.Release|Any CPU.Build.0 = Release|Any CPU
		{BFDE91F6-F671-3A77-EFF6-C6FB085E4721}.Debug|Any CPU.ActiveCfg = Debug|Any CPU
		{BFDE91F6-F671-3A77-EFF6-C6FB085E4721}.Debug|Any CPU.Build.0 = Debug|Any CPU
		{BFDE91F6-F671-3A77-EFF6-C6FB085E4721}.Release|Any CPU.ActiveCfg = Release|Any CPU
		{BFDE91F6-F671-3A77-EFF6-C6FB085E4721}.Release|Any CPU.Build.0 = Release|Any CPU
		{BBE05643-E87B-39C4-7CCB-A4AB403826EB}.Debug|Any CPU.ActiveCfg = Debug|Any CPU
		{BBE05643-E87B-39C4-7CCB-A4AB403826EB}.Debug|Any CPU.Build.0 = Debug|Any CPU
		{BBE05643-E87B-39C4-7CCB-A4AB403826EB}.Release|Any CPU.ActiveCfg = Release|Any CPU
		{BBE05643-E87B-39C4-7CCB-A4AB403826EB}.Release|Any CPU.Build.0 = Release|Any CPU
		{061DFF4F-1905-154C-ED26-A2696C16311B}.Debug|Any CPU.ActiveCfg = Debug|Any CPU
		{061DFF4F-1905-154C-ED26-A2696C16311B}.Debug|Any CPU.Build.0 = Debug|Any CPU
		{061DFF4F-1905-154C-ED26-A2696C16311B}.Release|Any CPU.ActiveCfg = Release|Any CPU
		{061DFF4F-1905-154C-ED26-A2696C16311B}.Release|Any CPU.Build.0 = Release|Any CPU
		{3AAFAE50-91F5-277A-A7C4-911A3F933B9A}.Debug|Any CPU.ActiveCfg = Debug|Any CPU
		{3AAFAE50-91F5-277A-A7C4-911A3F933B9A}.Debug|Any CPU.Build.0 = Debug|Any CPU
		{3AAFAE50-91F5-277A-A7C4-911A3F933B9A}.Release|Any CPU.ActiveCfg = Release|Any CPU
		{3AAFAE50-91F5-277A-A7C4-911A3F933B9A}.Release|Any CPU.Build.0 = Release|Any CPU
		{BDADD338-AF23-EE40-E20A-9B6DB4C3C898}.Debug|Any CPU.ActiveCfg = Debug|Any CPU
		{BDADD338-AF23-EE40-E20A-9B6DB4C3C898}.Debug|Any CPU.Build.0 = Debug|Any CPU
		{BDADD338-AF23-EE40-E20A-9B6DB4C3C898}.Release|Any CPU.ActiveCfg = Release|Any CPU
		{BDADD338-AF23-EE40-E20A-9B6DB4C3C898}.Release|Any CPU.Build.0 = Release|Any CPU
		{E8C5B2F6-26D7-D61E-8B8D-F32B4DF3FD9D}.Debug|Any CPU.ActiveCfg = Debug|Any CPU
		{E8C5B2F6-26D7-D61E-8B8D-F32B4DF3FD9D}.Debug|Any CPU.Build.0 = Debug|Any CPU
		{E8C5B2F6-26D7-D61E-8B8D-F32B4DF3FD9D}.Release|Any CPU.ActiveCfg = Release|Any CPU
		{E8C5B2F6-26D7-D61E-8B8D-F32B4DF3FD9D}.Release|Any CPU.Build.0 = Release|Any CPU
		{1B798F62-330F-F4D8-A0E4-9005498399FD}.Debug|Any CPU.ActiveCfg = Debug|Any CPU
		{1B798F62-330F-F4D8-A0E4-9005498399FD}.Debug|Any CPU.Build.0 = Debug|Any CPU
		{1B798F62-330F-F4D8-A0E4-9005498399FD}.Release|Any CPU.ActiveCfg = Release|Any CPU
		{1B798F62-330F-F4D8-A0E4-9005498399FD}.Release|Any CPU.Build.0 = Release|Any CPU
		{15BDEB98-F5A4-83DF-61C4-5B42BFD48C56}.Debug|Any CPU.ActiveCfg = Debug|Any CPU
		{15BDEB98-F5A4-83DF-61C4-5B42BFD48C56}.Debug|Any CPU.Build.0 = Debug|Any CPU
		{15BDEB98-F5A4-83DF-61C4-5B42BFD48C56}.Release|Any CPU.ActiveCfg = Release|Any CPU
		{15BDEB98-F5A4-83DF-61C4-5B42BFD48C56}.Release|Any CPU.Build.0 = Release|Any CPU
		{40F7C920-C7C3-9EE6-C0DD-5C3AF00BFEF6}.Debug|Any CPU.ActiveCfg = Debug|Any CPU
		{40F7C920-C7C3-9EE6-C0DD-5C3AF00BFEF6}.Debug|Any CPU.Build.0 = Debug|Any CPU
		{40F7C920-C7C3-9EE6-C0DD-5C3AF00BFEF6}.Release|Any CPU.ActiveCfg = Release|Any CPU
		{40F7C920-C7C3-9EE6-C0DD-5C3AF00BFEF6}.Release|Any CPU.Build.0 = Release|Any CPU
		{3FA7EEE1-0691-E2AD-B4DD-F124574FFEB8}.Debug|Any CPU.ActiveCfg = Debug|Any CPU
		{3FA7EEE1-0691-E2AD-B4DD-F124574FFEB8}.Debug|Any CPU.Build.0 = Debug|Any CPU
		{3FA7EEE1-0691-E2AD-B4DD-F124574FFEB8}.Release|Any CPU.ActiveCfg = Release|Any CPU
		{3FA7EEE1-0691-E2AD-B4DD-F124574FFEB8}.Release|Any CPU.Build.0 = Release|Any CPU
		{4D1C4BD3-C2A1-D865-A843-B469B467891E}.Debug|Any CPU.ActiveCfg = Debug|Any CPU
		{4D1C4BD3-C2A1-D865-A843-B469B467891E}.Debug|Any CPU.Build.0 = Debug|Any CPU
		{4D1C4BD3-C2A1-D865-A843-B469B467891E}.Release|Any CPU.ActiveCfg = Release|Any CPU
		{4D1C4BD3-C2A1-D865-A843-B469B467891E}.Release|Any CPU.Build.0 = Release|Any CPU
		{F072208F-1E7D-2906-B156-AAAC1D71611A}.Debug|Any CPU.ActiveCfg = Debug|Any CPU
		{F072208F-1E7D-2906-B156-AAAC1D71611A}.Debug|Any CPU.Build.0 = Debug|Any CPU
		{F072208F-1E7D-2906-B156-AAAC1D71611A}.Release|Any CPU.ActiveCfg = Release|Any CPU
		{F072208F-1E7D-2906-B156-AAAC1D71611A}.Release|Any CPU.Build.0 = Release|Any CPU
		{8757D573-726A-CB2F-95F1-676C6F4E8247}.Debug|Any CPU.ActiveCfg = Debug|Any CPU
		{8757D573-726A-CB2F-95F1-676C6F4E8247}.Debug|Any CPU.Build.0 = Debug|Any CPU
		{8757D573-726A-CB2F-95F1-676C6F4E8247}.Release|Any CPU.ActiveCfg = Release|Any CPU
		{8757D573-726A-CB2F-95F1-676C6F4E8247}.Release|Any CPU.Build.0 = Release|Any CPU
		{E65F3A11-00CC-49F8-DF98-2772BA9ECCB7}.Debug|Any CPU.ActiveCfg = Debug|Any CPU
		{E65F3A11-00CC-49F8-DF98-2772BA9ECCB7}.Debug|Any CPU.Build.0 = Debug|Any CPU
		{E65F3A11-00CC-49F8-DF98-2772BA9ECCB7}.Release|Any CPU.ActiveCfg = Release|Any CPU
		{E65F3A11-00CC-49F8-DF98-2772BA9ECCB7}.Release|Any CPU.Build.0 = Release|Any CPU
		{83FB50AF-A167-069E-FCF8-F43CFE849856}.Debug|Any CPU.ActiveCfg = Debug|Any CPU
		{83FB50AF-A167-069E-FCF8-F43CFE849856}.Debug|Any CPU.Build.0 = Debug|Any CPU
		{83FB50AF-A167-069E-FCF8-F43CFE849856}.Release|Any CPU.ActiveCfg = Release|Any CPU
		{83FB50AF-A167-069E-FCF8-F43CFE849856}.Release|Any CPU.Build.0 = Release|Any CPU
		{00A1D95D-B919-76C9-6E1C-07B1F62168C4}.Debug|Any CPU.ActiveCfg = Debug|Any CPU
		{00A1D95D-B919-76C9-6E1C-07B1F62168C4}.Debug|Any CPU.Build.0 = Debug|Any CPU
		{00A1D95D-B919-76C9-6E1C-07B1F62168C4}.Release|Any CPU.ActiveCfg = Release|Any CPU
		{00A1D95D-B919-76C9-6E1C-07B1F62168C4}.Release|Any CPU.Build.0 = Release|Any CPU
		{E567A265-D2B3-B3F0-B64E-6AAF0C8F20F4}.Debug|Any CPU.ActiveCfg = Debug|Any CPU
		{E567A265-D2B3-B3F0-B64E-6AAF0C8F20F4}.Debug|Any CPU.Build.0 = Debug|Any CPU
		{E567A265-D2B3-B3F0-B64E-6AAF0C8F20F4}.Release|Any CPU.ActiveCfg = Release|Any CPU
		{E567A265-D2B3-B3F0-B64E-6AAF0C8F20F4}.Release|Any CPU.Build.0 = Release|Any CPU
		{09825C8C-2C3F-6A73-2308-3665AF399ACE}.Debug|Any CPU.ActiveCfg = Debug|Any CPU
		{09825C8C-2C3F-6A73-2308-3665AF399ACE}.Debug|Any CPU.Build.0 = Debug|Any CPU
		{09825C8C-2C3F-6A73-2308-3665AF399ACE}.Release|Any CPU.ActiveCfg = Release|Any CPU
		{09825C8C-2C3F-6A73-2308-3665AF399ACE}.Release|Any CPU.Build.0 = Release|Any CPU
		{269E5D16-B150-71A7-C050-4E4761864BCD}.Debug|Any CPU.ActiveCfg = Debug|Any CPU
		{269E5D16-B150-71A7-C050-4E4761864BCD}.Debug|Any CPU.Build.0 = Debug|Any CPU
		{269E5D16-B150-71A7-C050-4E4761864BCD}.Release|Any CPU.ActiveCfg = Release|Any CPU
		{269E5D16-B150-71A7-C050-4E4761864BCD}.Release|Any CPU.Build.0 = Release|Any CPU
		{24807F34-CB1B-78B7-9E14-64DE7A338F21}.Debug|Any CPU.ActiveCfg = Debug|Any CPU
		{24807F34-CB1B-78B7-9E14-64DE7A338F21}.Debug|Any CPU.Build.0 = Debug|Any CPU
		{24807F34-CB1B-78B7-9E14-64DE7A338F21}.Release|Any CPU.ActiveCfg = Release|Any CPU
		{24807F34-CB1B-78B7-9E14-64DE7A338F21}.Release|Any CPU.Build.0 = Release|Any CPU
		{A2143837-373C-3926-3921-AB3244F0B174}.Debug|Any CPU.ActiveCfg = Debug|Any CPU
		{A2143837-373C-3926-3921-AB3244F0B174}.Debug|Any CPU.Build.0 = Debug|Any CPU
		{A2143837-373C-3926-3921-AB3244F0B174}.Release|Any CPU.ActiveCfg = Release|Any CPU
		{A2143837-373C-3926-3921-AB3244F0B174}.Release|Any CPU.Build.0 = Release|Any CPU
		{31E8D923-3C91-D2A0-0561-D91883CBD9B8}.Debug|Any CPU.ActiveCfg = Debug|Any CPU
		{31E8D923-3C91-D2A0-0561-D91883CBD9B8}.Debug|Any CPU.Build.0 = Debug|Any CPU
		{31E8D923-3C91-D2A0-0561-D91883CBD9B8}.Release|Any CPU.ActiveCfg = Release|Any CPU
		{31E8D923-3C91-D2A0-0561-D91883CBD9B8}.Release|Any CPU.Build.0 = Release|Any CPU
		{457DA8B9-B1F4-9C85-4B9B-0162195008D2}.Debug|Any CPU.ActiveCfg = Debug|Any CPU
		{457DA8B9-B1F4-9C85-4B9B-0162195008D2}.Debug|Any CPU.Build.0 = Debug|Any CPU
		{457DA8B9-B1F4-9C85-4B9B-0162195008D2}.Release|Any CPU.ActiveCfg = Release|Any CPU
		{457DA8B9-B1F4-9C85-4B9B-0162195008D2}.Release|Any CPU.Build.0 = Release|Any CPU
		{5776FC06-746B-B66A-107F-CFC36F51A5A1}.Debug|Any CPU.ActiveCfg = Debug|Any CPU
		{5776FC06-746B-B66A-107F-CFC36F51A5A1}.Debug|Any CPU.Build.0 = Debug|Any CPU
		{5776FC06-746B-B66A-107F-CFC36F51A5A1}.Release|Any CPU.ActiveCfg = Release|Any CPU
		{5776FC06-746B-B66A-107F-CFC36F51A5A1}.Release|Any CPU.Build.0 = Release|Any CPU
		{5FE9FFDF-DC65-BB2F-08E7-E2F48EEE5D5E}.Debug|Any CPU.ActiveCfg = Debug|Any CPU
		{5FE9FFDF-DC65-BB2F-08E7-E2F48EEE5D5E}.Debug|Any CPU.Build.0 = Debug|Any CPU
		{5FE9FFDF-DC65-BB2F-08E7-E2F48EEE5D5E}.Release|Any CPU.ActiveCfg = Release|Any CPU
		{5FE9FFDF-DC65-BB2F-08E7-E2F48EEE5D5E}.Release|Any CPU.Build.0 = Release|Any CPU
		{DDA4DEB0-8203-07E4-E25C-BA99292CCE90}.Debug|Any CPU.ActiveCfg = Debug|Any CPU
		{DDA4DEB0-8203-07E4-E25C-BA99292CCE90}.Debug|Any CPU.Build.0 = Debug|Any CPU
		{DDA4DEB0-8203-07E4-E25C-BA99292CCE90}.Release|Any CPU.ActiveCfg = Release|Any CPU
		{DDA4DEB0-8203-07E4-E25C-BA99292CCE90}.Release|Any CPU.Build.0 = Release|Any CPU
		{A6693E5A-33CA-F9A4-D652-3F5D8575A009}.Debug|Any CPU.ActiveCfg = Debug|Any CPU
		{A6693E5A-33CA-F9A4-D652-3F5D8575A009}.Debug|Any CPU.Build.0 = Debug|Any CPU
		{A6693E5A-33CA-F9A4-D652-3F5D8575A009}.Release|Any CPU.ActiveCfg = Release|Any CPU
		{A6693E5A-33CA-F9A4-D652-3F5D8575A009}.Release|Any CPU.Build.0 = Release|Any CPU
		{7DC58865-E3E4-0FAA-6EC7-94D060D8469F}.Debug|Any CPU.ActiveCfg = Debug|Any CPU
		{7DC58865-E3E4-0FAA-6EC7-94D060D8469F}.Debug|Any CPU.Build.0 = Debug|Any CPU
		{7DC58865-E3E4-0FAA-6EC7-94D060D8469F}.Release|Any CPU.ActiveCfg = Release|Any CPU
		{7DC58865-E3E4-0FAA-6EC7-94D060D8469F}.Release|Any CPU.Build.0 = Release|Any CPU
		{11B5F087-4232-56B5-6F69-517609FE1514}.Debug|Any CPU.ActiveCfg = Debug|Any CPU
		{11B5F087-4232-56B5-6F69-517609FE1514}.Debug|Any CPU.Build.0 = Debug|Any CPU
		{11B5F087-4232-56B5-6F69-517609FE1514}.Release|Any CPU.ActiveCfg = Release|Any CPU
		{11B5F087-4232-56B5-6F69-517609FE1514}.Release|Any CPU.Build.0 = Release|Any CPU
		{07182215-2881-1753-EBB8-F430BA691350}.Debug|Any CPU.ActiveCfg = Debug|Any CPU
		{07182215-2881-1753-EBB8-F430BA691350}.Debug|Any CPU.Build.0 = Debug|Any CPU
		{07182215-2881-1753-EBB8-F430BA691350}.Release|Any CPU.ActiveCfg = Release|Any CPU
		{07182215-2881-1753-EBB8-F430BA691350}.Release|Any CPU.Build.0 = Release|Any CPU
		{1AD8FA3C-8514-D3DD-0AFB-5587BDA61F29}.Debug|Any CPU.ActiveCfg = Debug|Any CPU
		{1AD8FA3C-8514-D3DD-0AFB-5587BDA61F29}.Debug|Any CPU.Build.0 = Debug|Any CPU
		{1AD8FA3C-8514-D3DD-0AFB-5587BDA61F29}.Release|Any CPU.ActiveCfg = Release|Any CPU
		{1AD8FA3C-8514-D3DD-0AFB-5587BDA61F29}.Release|Any CPU.Build.0 = Release|Any CPU
		{E9602CF9-44D4-44AB-0BBE-F35A7E6415F3}.Debug|Any CPU.ActiveCfg = Debug|Any CPU
		{E9602CF9-44D4-44AB-0BBE-F35A7E6415F3}.Debug|Any CPU.Build.0 = Debug|Any CPU
		{E9602CF9-44D4-44AB-0BBE-F35A7E6415F3}.Release|Any CPU.ActiveCfg = Release|Any CPU
		{E9602CF9-44D4-44AB-0BBE-F35A7E6415F3}.Release|Any CPU.Build.0 = Release|Any CPU
		{E0A12B38-9729-1A60-D218-679BCE87A60F}.Debug|Any CPU.ActiveCfg = Debug|Any CPU
		{E0A12B38-9729-1A60-D218-679BCE87A60F}.Debug|Any CPU.Build.0 = Debug|Any CPU
		{E0A12B38-9729-1A60-D218-679BCE87A60F}.Release|Any CPU.ActiveCfg = Release|Any CPU
		{E0A12B38-9729-1A60-D218-679BCE87A60F}.Release|Any CPU.Build.0 = Release|Any CPU
		{A8423337-161E-6556-51DF-C6316FD0AE43}.Debug|Any CPU.ActiveCfg = Debug|Any CPU
		{A8423337-161E-6556-51DF-C6316FD0AE43}.Debug|Any CPU.Build.0 = Debug|Any CPU
		{A8423337-161E-6556-51DF-C6316FD0AE43}.Release|Any CPU.ActiveCfg = Release|Any CPU
		{A8423337-161E-6556-51DF-C6316FD0AE43}.Release|Any CPU.Build.0 = Release|Any CPU
		{43B0E4AD-BD25-131E-1CFE-E36B48823702}.Debug|Any CPU.ActiveCfg = Debug|Any CPU
		{43B0E4AD-BD25-131E-1CFE-E36B48823702}.Debug|Any CPU.Build.0 = Debug|Any CPU
		{43B0E4AD-BD25-131E-1CFE-E36B48823702}.Release|Any CPU.ActiveCfg = Release|Any CPU
		{43B0E4AD-BD25-131E-1CFE-E36B48823702}.Release|Any CPU.Build.0 = Release|Any CPU
		{740592BB-0C22-181E-4132-CE64B691DDDA}.Debug|Any CPU.ActiveCfg = Debug|Any CPU
		{740592BB-0C22-181E-4132-CE64B691DDDA}.Debug|Any CPU.Build.0 = Debug|Any CPU
		{740592BB-0C22-181E-4132-CE64B691DDDA}.Release|Any CPU.ActiveCfg = Release|Any CPU
		{740592BB-0C22-181E-4132-CE64B691DDDA}.Release|Any CPU.Build.0 = Release|Any CPU
		{EB3106CE-ABE5-1AB3-5FF7-0A46F8D572C2}.Debug|Any CPU.ActiveCfg = Debug|Any CPU
		{EB3106CE-ABE5-1AB3-5FF7-0A46F8D572C2}.Debug|Any CPU.Build.0 = Debug|Any CPU
		{EB3106CE-ABE5-1AB3-5FF7-0A46F8D572C2}.Release|Any CPU.ActiveCfg = Release|Any CPU
		{EB3106CE-ABE5-1AB3-5FF7-0A46F8D572C2}.Release|Any CPU.Build.0 = Release|Any CPU
		{DA04387E-99FB-14DC-8809-654ABC81F759}.Debug|Any CPU.ActiveCfg = Debug|Any CPU
		{DA04387E-99FB-14DC-8809-654ABC81F759}.Debug|Any CPU.Build.0 = Debug|Any CPU
		{DA04387E-99FB-14DC-8809-654ABC81F759}.Release|Any CPU.ActiveCfg = Release|Any CPU
		{DA04387E-99FB-14DC-8809-654ABC81F759}.Release|Any CPU.Build.0 = Release|Any CPU
	EndGlobalSection
	GlobalSection(SolutionProperties) = preSolution
		HideSolutionNode = FALSE
	EndGlobalSection
EndGlobal
